{
  "name": "cmudig.github.io",
  "lockfileVersion": 3,
  "requires": true,
  "packages": {
    "": {
      "dependencies": {
        "tachyons-sass": "https://github.com/tachyons-css/tachyons-sass.git#530cce9527298b9e24f84ad7d4061e4e9e297ad4"
      },
      "devDependencies": {
        "prettier": "^3.8.1"
      }
    },
    "node_modules/prettier": {
      "version": "3.8.1",
      "resolved": "https://registry.npmjs.org/prettier/-/prettier-3.8.1.tgz",
      "integrity": "sha512-UOnG6LftzbdaHZcKoPFtOcCKztrQ57WkHDeRD9t/PTQtmT0NHSeWWepj6pS0z/N7+08BHFDQVUrfmfMRcZwbMg==",
      "dev": true,
      "license": "MIT",
      "bin": {
        "prettier": "bin/prettier.cjs"
      },
      "engines": {
        "node": ">=14"
      },
      "funding": {
        "url": "https://github.com/prettier/prettier?sponsor=1"
      }
    },
    "node_modules/tachyons-custom": {
      "version": "4.9.8",
      "resolved": "https://registry.npmjs.org/tachyons-custom/-/tachyons-custom-4.9.8.tgz",
      "integrity": "sha512-MVnslsN5dFswmh2+Sw+OOA4/6pQfnJrA8/wrtaf+Px347wze3MIk3lp3Q3QmbUPqrJda79s0dZtY3dgTwVHdfg==",
      "license": "MIT"
    },
    "node_modules/tachyons-sass": {
      "version": "4.9.3",
      "resolved": "git+ssh://git@github.com/tachyons-css/tachyons-sass.git#530cce9527298b9e24f84ad7d4061e4e9e297ad4",
      "integrity": "sha512-M3BCabrOMh9ryDq5m6dbX97dwavPNrIVqF5l3TnKCg19xlcJbsoYsQidHlW+yQOPE6mMtKDKVCpThJsdoDVNXQ==",
      "license": "MIT",
      "dependencies": {
        "tachyons-custom": "^4.9.2"
      }
    }
  }
}
