{
  "name": "cmudig.github.io",
  "lockfileVersion": 3,
  "requires": true,
  "packages": {
    "": {
      "dependencies": {
        "tachyons-sass": "https://github.com/tachyons-css/tachyons-sass.git#2dce89b83729bddb9f4498c7d6f82b73d60d6538"
      },
      "devDependencies": {
        "prettier": "^3.5.2"
      }
    },
    "node_modules/prettier": {
      "version": "3.5.2",
      "resolved": "https://registry.npmjs.org/prettier/-/prettier-3.5.2.tgz",
      "integrity": "sha512-lc6npv5PH7hVqozBR7lkBNOGXV9vMwROAPlumdBkX0wTbbzPu/U1hk5yL8p2pt4Xoc+2mkT8t/sow2YrV/M5qg==",
      "dev": true,
      "license": "MIT",
      "bin": {
        "prettier": "bin/prettier.cjs"
      },
      "engines": {
        "node": ">=14"
      },
      "funding": {
        "url": "https://github.com/prettier/prettier?sponsor=1"
      }
    },
    "node_modules/tachyons-custom": {
      "version": "4.9.8",
      "license": "MIT"
    },
    "node_modules/tachyons-sass": {
      "version": "4.9.5",
      "resolved": "git+ssh://git@github.com/tachyons-css/tachyons-sass.git#2dce89b83729bddb9f4498c7d6f82b73d60d6538",
      "integrity": "sha512-BPZfyAkFKBiVQhb2p2EUVMn6/Mzt+TlBkjizNNMwXkmbMxjOyQEYyN5X4ORYVwq6YffAMVA2UkMjM8wxoL+nTQ==",
      "license": "MIT",
      "dependencies": {
        "tachyons-custom": "^4.9.5"
      }
    }
  }
}
