# THIS IS AN AUTOGENERATED FILE. DO NOT EDIT THIS FILE DIRECTLY.
# yarn lockfile v1


prettier@^2.5.1:
  version "2.5.1"
  resolved "https://registry.yarnpkg.com/prettier/-/prettier-2.5.1.tgz#fff75fa9d519c54cf0fce328c1017d94546bc56a"
  integrity sha512-vBZcPRUR5MZJwoyi3ZoyQlc1rXeEck8KgeC9AwwOn+exuxLxq5toTRDTSaVrXHxelDMHy9zlicw8u66yxoSUFg==

tachyons-custom@^4.9.5:
  version "4.9.8"
  resolved "https://registry.yarnpkg.com/tachyons-custom/-/tachyons-custom-4.9.8.tgz#406e539bbd417db8de8b93561ef6d36ca7c50580"
  integrity sha512-MVnslsN5dFswmh2+Sw+OOA4/6pQfnJrA8/wrtaf+Px347wze3MIk3lp3Q3QmbUPqrJda79s0dZtY3dgTwVHdfg==

tachyons-sass@^4.9.5:
  version "4.9.5"
  resolved "https://registry.yarnpkg.com/tachyons-sass/-/tachyons-sass-4.9.5.tgz#98d7924f72dfcdc940ccc331f304b85952434799"
  integrity sha512-GPPUIoM+8OkaHF7Ii8+AE5AQzVekfrRnGv55oXYTspXw8BMThmiXr/HrCUmYGiuSnBG73T0862tvzqLGP8B/Mg==
  dependencies:
    tachyons-custom "^4.9.5"
