# THIS IS AN AUTOGENERATED FILE. DO NOT EDIT THIS FILE DIRECTLY.
# yarn lockfile v1


tachyons-custom@^4.9.5:
  version "4.9.6"
  resolved "https://registry.yarnpkg.com/tachyons-custom/-/tachyons-custom-4.9.6.tgz#02f3a28269e098566eaf63c09c5985d249bbbdf8"
  integrity sha512-HsrN1C8GTj9Tr8Ki4XMZdd1ye2O8YLVUXNAJiga3DzcdY4pRuEMYcvjOk0wAGEdVgePPSAWAsE+CWNZzNagEJw==

tachyons-sass@^4.9.5:
  version "4.9.5"
  resolved "https://registry.yarnpkg.com/tachyons-sass/-/tachyons-sass-4.9.5.tgz#98d7924f72dfcdc940ccc331f304b85952434799"
  integrity sha512-GPPUIoM+8OkaHF7Ii8+AE5AQzVekfrRnGv55oXYTspXw8BMThmiXr/HrCUmYGiuSnBG73T0862tvzqLGP8B/Mg==
  dependencies:
    tachyons-custom "^4.9.5"
